// !$*UTF8*$!
{
	archiveVersion = 1;
	classes = {
	};
	objectVersion = 48;
	objects = {

/* Begin PBXBuildFile section */
		4FA30A66A77C9D39620E2A6F /* Pods_bracket.framework in Frameworks */ = {isa = PBXBuildFile; fileRef = FEE5DFE61766B4BD9B5C6417 /* Pods_bracket.framework */; };
		CCF00D201FBA1816004F8350 /* AppDelegate.swift in Sources */ = {isa = PBXBuildFile; fileRef = CCF00D1F1FBA1816004F8350 /* AppDelegate.swift */; };
		CCF00D221FBA1816004F8350 /* FeedVC.swift in Sources */ = {isa = PBXBuildFile; fileRef = CCF00D211FBA1816004F8350 /* FeedVC.swift */; };
		CCF00D241FBA1816004F8350 /* GroupsVC.swift in Sources */ = {isa = PBXBuildFile; fileRef = CCF00D231FBA1816004F8350 /* GroupsVC.swift */; };
		CCF00D271FBA1816004F8350 /* Main.storyboard in Resources */ = {isa = PBXBuildFile; fileRef = CCF00D251FBA1816004F8350 /* Main.storyboard */; };
		CCF00D291FBA1816004F8350 /* Assets.xcassets in Resources */ = {isa = PBXBuildFile; fileRef = CCF00D281FBA1816004F8350 /* Assets.xcassets */; };
		CCF00D2C1FBA1816004F8350 /* LaunchScreen.storyboard in Resources */ = {isa = PBXBuildFile; fileRef = CCF00D2A1FBA1816004F8350 /* LaunchScreen.storyboard */; };
		CCF00D391FBA1AC4004F8350 /* GoogleService-Info.plist in Resources */ = {isa = PBXBuildFile; fileRef = CCF00D381FBA1AC4004F8350 /* GoogleService-Info.plist */; };
		CCF00D3B1FBA1E01004F8350 /* DataService.swift in Sources */ = {isa = PBXBuildFile; fileRef = CCF00D3A1FBA1E01004F8350 /* DataService.swift */; };
		CCF00D3D1FBA47E9004F8350 /* AuthVC.swift in Sources */ = {isa = PBXBuildFile; fileRef = CCF00D3C1FBA47E9004F8350 /* AuthVC.swift */; };
		CCF00D401FBA4822004F8350 /* LoginVC.swift in Sources */ = {isa = PBXBuildFile; fileRef = CCF00D3F1FBA4822004F8350 /* LoginVC.swift */; };
		CCF00D421FBA4873004F8350 /* InsetTextField.swift in Sources */ = {isa = PBXBuildFile; fileRef = CCF00D411FBA4873004F8350 /* InsetTextField.swift */; };
		CCF00D441FBA4EF0004F8350 /* ShadowView.swift in Sources */ = {isa = PBXBuildFile; fileRef = CCF00D431FBA4EF0004F8350 /* ShadowView.swift */; };
		CCF00D461FBB41BA004F8350 /* AuthService.swift in Sources */ = {isa = PBXBuildFile; fileRef = CCF00D451FBB41BA004F8350 /* AuthService.swift */; };
		CCF00D481FBB7E42004F8350 /* MeVC.swift in Sources */ = {isa = PBXBuildFile; fileRef = CCF00D471FBB7E42004F8350 /* MeVC.swift */; };
		CCF00D4A1FBB83E7004F8350 /* CreatePostVC.swift in Sources */ = {isa = PBXBuildFile; fileRef = CCF00D491FBB83E7004F8350 /* CreatePostVC.swift */; };
		CCF00D4C1FBB87F1004F8350 /* UIViewExt.swift in Sources */ = {isa = PBXBuildFile; fileRef = CCF00D4B1FBB87F1004F8350 /* UIViewExt.swift */; };
		CCF00D4E1FBE0CB3004F8350 /* FeedCell.swift in Sources */ = {isa = PBXBuildFile; fileRef = CCF00D4D1FBE0CB3004F8350 /* FeedCell.swift */; };
/* End PBXBuildFile section */

/* Begin PBXFileReference section */
		03FE4A1936A5AC20AF1F8B81 /* Pods-bracket.debug.xcconfig */ = {isa = PBXFileReference; includeInIndex = 1; lastKnownFileType = text.xcconfig; name = "Pods-bracket.debug.xcconfig"; path = "Pods/Target Support Files/Pods-bracket/Pods-bracket.debug.xcconfig"; sourceTree = "<group>"; };
		CCF00D1C1FBA1816004F8350 /* bracket.app */ = {isa = PBXFileReference; explicitFileType = wrapper.application; includeInIndex = 0; path = bracket.app; sourceTree = BUILT_PRODUCTS_DIR; };
		CCF00D1F1FBA1816004F8350 /* AppDelegate.swift */ = {isa = PBXFileReference; lastKnownFileType = sourcecode.swift; path = AppDelegate.swift; sourceTree = "<group>"; };
		CCF00D211FBA1816004F8350 /* FeedVC.swift */ = {isa = PBXFileReference; lastKnownFileType = sourcecode.swift; path = FeedVC.swift; sourceTree = "<group>"; };
		CCF00D231FBA1816004F8350 /* GroupsVC.swift */ = {isa = PBXFileReference; lastKnownFileType = sourcecode.swift; path = GroupsVC.swift; sourceTree = "<group>"; };
		CCF00D261FBA1816004F8350 /* Base */ = {isa = PBXFileReference; lastKnownFileType = file.storyboard; name = Base; path = Base.lproj/Main.storyboard; sourceTree = "<group>"; };
		CCF00D281FBA1816004F8350 /* Assets.xcassets */ = {isa = PBXFileReference; lastKnownFileType = folder.assetcatalog; path = Assets.xcassets; sourceTree = "<group>"; };
		CCF00D2B1FBA1816004F8350 /* Base */ = {isa = PBXFileReference; lastKnownFileType = file.storyboard; name = Base; path = Base.lproj/LaunchScreen.storyboard; sourceTree = "<group>"; };
		CCF00D2D1FBA1816004F8350 /* Info.plist */ = {isa = PBXFileReference; lastKnownFileType = text.plist.xml; path = Info.plist; sourceTree = "<group>"; };
		CCF00D381FBA1AC4004F8350 /* GoogleService-Info.plist */ = {isa = PBXFileReference; fileEncoding = 4; lastKnownFileType = text.plist.xml; path = "GoogleService-Info.plist"; sourceTree = "<group>"; };
		CCF00D3A1FBA1E01004F8350 /* DataService.swift */ = {isa = PBXFileReference; lastKnownFileType = sourcecode.swift; path = DataService.swift; sourceTree = "<group>"; };
		CCF00D3C1FBA47E9004F8350 /* AuthVC.swift */ = {isa = PBXFileReference; lastKnownFileType = sourcecode.swift; path = AuthVC.swift; sourceTree = "<group>"; };
		CCF00D3F1FBA4822004F8350 /* LoginVC.swift */ = {isa = PBXFileReference; lastKnownFileType = sourcecode.swift; path = LoginVC.swift; sourceTree = "<group>"; };
		CCF00D411FBA4873004F8350 /* InsetTextField.swift */ = {isa = PBXFileReference; lastKnownFileType = sourcecode.swift; path = InsetTextField.swift; sourceTree = "<group>"; };
		CCF00D431FBA4EF0004F8350 /* ShadowView.swift */ = {isa = PBXFileReference; lastKnownFileType = sourcecode.swift; path = ShadowView.swift; sourceTree = "<group>"; };
		CCF00D451FBB41BA004F8350 /* AuthService.swift */ = {isa = PBXFileReference; lastKnownFileType = sourcecode.swift; path = AuthService.swift; sourceTree = "<group>"; };
		CCF00D471FBB7E42004F8350 /* MeVC.swift */ = {isa = PBXFileReference; lastKnownFileType = sourcecode.swift; path = MeVC.swift; sourceTree = "<group>"; };
		CCF00D491FBB83E7004F8350 /* CreatePostVC.swift */ = {isa = PBXFileReference; lastKnownFileType = sourcecode.swift; path = CreatePostVC.swift; sourceTree = "<group>"; };
		CCF00D4B1FBB87F1004F8350 /* UIViewExt.swift */ = {isa = PBXFileReference; lastKnownFileType = sourcecode.swift; path = UIViewExt.swift; sourceTree = "<group>"; };
		CCF00D4D1FBE0CB3004F8350 /* FeedCell.swift */ = {isa = PBXFileReference; lastKnownFileType = sourcecode.swift; path = FeedCell.swift; sourceTree = "<group>"; };
		D41A294579AB9431F4819815 /* Pods-bracket.release.xcconfig */ = {isa = PBXFileReference; includeInIndex = 1; lastKnownFileType = text.xcconfig; name = "Pods-bracket.release.xcconfig"; path = "Pods/Target Support Files/Pods-bracket/Pods-bracket.release.xcconfig"; sourceTree = "<group>"; };
		FEE5DFE61766B4BD9B5C6417 /* Pods_bracket.framework */ = {isa = PBXFileReference; explicitFileType = wrapper.framework; includeInIndex = 0; path = Pods_bracket.framework; sourceTree = BUILT_PRODUCTS_DIR; };
/* End PBXFileReference section */

/* Begin PBXFrameworksBuildPhase section */
		CCF00D191FBA1816004F8350 /* Frameworks */ = {
			isa = PBXFrameworksBuildPhase;
			buildActionMask = 2147483647;
			files = (
				4FA30A66A77C9D39620E2A6F /* Pods_bracket.framework in Frameworks */,
			);
			runOnlyForDeploymentPostprocessing = 0;
		};
/* End PBXFrameworksBuildPhase section */

/* Begin PBXGroup section */
		72F1B9D2E30EE5C828EDE102 /* Frameworks */ = {
			isa = PBXGroup;
			children = (
				FEE5DFE61766B4BD9B5C6417 /* Pods_bracket.framework */,
			);
			name = Frameworks;
			sourceTree = "<group>";
		};
		ACF29A58FA6EA5A76C22D6EC /* Pods */ = {
			isa = PBXGroup;
			children = (
				03FE4A1936A5AC20AF1F8B81 /* Pods-bracket.debug.xcconfig */,
				D41A294579AB9431F4819815 /* Pods-bracket.release.xcconfig */,
			);
			name = Pods;
			sourceTree = "<group>";
		};
		CCF00D131FBA1816004F8350 = {
			isa = PBXGroup;
			children = (
				CCF00D1E1FBA1816004F8350 /* bracket */,
				CCF00D1D1FBA1816004F8350 /* Products */,
				ACF29A58FA6EA5A76C22D6EC /* Pods */,
				72F1B9D2E30EE5C828EDE102 /* Frameworks */,
			);
			sourceTree = "<group>";
		};
		CCF00D1D1FBA1816004F8350 /* Products */ = {
			isa = PBXGroup;
			children = (
				CCF00D1C1FBA1816004F8350 /* bracket.app */,
			);
			name = Products;
			sourceTree = "<group>";
		};
		CCF00D1E1FBA1816004F8350 /* bracket */ = {
			isa = PBXGroup;
			children = (
				CCF00D371FBA18F7004F8350 /* Services */,
				CCF00D361FBA18D5004F8350 /* Extensions */,
				CCF00D351FBA18BF004F8350 /* Model */,
				CCF00D341FBA18A7004F8350 /* View */,
				CCF00D331FBA18A0004F8350 /* Controller */,
				CCF00D1F1FBA1816004F8350 /* AppDelegate.swift */,
				CCF00D251FBA1816004F8350 /* Main.storyboard */,
				CCF00D281FBA1816004F8350 /* Assets.xcassets */,
				CCF00D2A1FBA1816004F8350 /* LaunchScreen.storyboard */,
				CCF00D2D1FBA1816004F8350 /* Info.plist */,
				CCF00D381FBA1AC4004F8350 /* GoogleService-Info.plist */,
			);
			path = bracket;
			sourceTree = "<group>";
		};
		CCF00D331FBA18A0004F8350 /* Controller */ = {
			isa = PBXGroup;
			children = (
				CCF00D3C1FBA47E9004F8350 /* AuthVC.swift */,
				CCF00D3F1FBA4822004F8350 /* LoginVC.swift */,
				CCF00D471FBB7E42004F8350 /* MeVC.swift */,
				CCF00D211FBA1816004F8350 /* FeedVC.swift */,
				CCF00D231FBA1816004F8350 /* GroupsVC.swift */,
				CCF00D491FBB83E7004F8350 /* CreatePostVC.swift */,
			);
			path = Controller;
			sourceTree = "<group>";
		};
		CCF00D341FBA18A7004F8350 /* View */ = {
			isa = PBXGroup;
			children = (
				CCF00D411FBA4873004F8350 /* InsetTextField.swift */,
				CCF00D431FBA4EF0004F8350 /* ShadowView.swift */,
				CCF00D4D1FBE0CB3004F8350 /* FeedCell.swift */,
			);
			path = View;
			sourceTree = "<group>";
		};
		CCF00D351FBA18BF004F8350 /* Model */ = {
			isa = PBXGroup;
			children = (
			);
			path = Model;
			sourceTree = "<group>";
		};
		CCF00D361FBA18D5004F8350 /* Extensions */ = {
			isa = PBXGroup;
			children = (
				CCF00D4B1FBB87F1004F8350 /* UIViewExt.swift */,
			);
			path = Extensions;
			sourceTree = "<group>";
		};
		CCF00D371FBA18F7004F8350 /* Services */ = {
			isa = PBXGroup;
			children = (
				CCF00D3A1FBA1E01004F8350 /* DataService.swift */,
				CCF00D451FBB41BA004F8350 /* AuthService.swift */,
			);
			path = Services;
			sourceTree = "<group>";
		};
/* End PBXGroup section */

/* Begin PBXNativeTarget section */
		CCF00D1B1FBA1816004F8350 /* bracket */ = {
			isa = PBXNativeTarget;
			buildConfigurationList = CCF00D301FBA1816004F8350 /* Build configuration list for PBXNativeTarget "bracket" */;
			buildPhases = (
				D3B0AFBE0051A77CF630D8E8 /* [CP] Check Pods Manifest.lock */,
				CCF00D181FBA1816004F8350 /* Sources */,
				CCF00D191FBA1816004F8350 /* Frameworks */,
				CCF00D1A1FBA1816004F8350 /* Resources */,
				EC4FE37A4B6092D4410F5E10 /* [CP] Embed Pods Frameworks */,
				7F303335D334B62A312944A2 /* [CP] Copy Pods Resources */,
			);
			buildRules = (
			);
			dependencies = (
			);
			name = bracket;
			productName = bracket;
			productReference = CCF00D1C1FBA1816004F8350 /* bracket.app */;
			productType = "com.apple.product-type.application";
		};
/* End PBXNativeTarget section */

/* Begin PBXProject section */
		CCF00D141FBA1816004F8350 /* Project object */ = {
			isa = PBXProject;
			attributes = {
				LastSwiftUpdateCheck = 0910;
				LastUpgradeCheck = 0910;
				ORGANIZATIONNAME = "Adil Jiwani";
				TargetAttributes = {
					CCF00D1B1FBA1816004F8350 = {
						CreatedOnToolsVersion = 9.1;
						ProvisioningStyle = Automatic;
					};
				};
			};
			buildConfigurationList = CCF00D171FBA1816004F8350 /* Build configuration list for PBXProject "bracket" */;
			compatibilityVersion = "Xcode 8.0";
			developmentRegion = en;
			hasScannedForEncodings = 0;
			knownRegions = (
				en,
				Base,
			);
			mainGroup = CCF00D131FBA1816004F8350;
			productRefGroup = CCF00D1D1FBA1816004F8350 /* Products */;
			projectDirPath = "";
			projectRoot = "";
			targets = (
				CCF00D1B1FBA1816004F8350 /* bracket */,
			);
		};
/* End PBXProject section */

/* Begin PBXResourcesBuildPhase section */
		CCF00D1A1FBA1816004F8350 /* Resources */ = {
			isa = PBXResourcesBuildPhase;
			buildActionMask = 2147483647;
			files = (
				CCF00D2C1FBA1816004F8350 /* LaunchScreen.storyboard in Resources */,
				CCF00D391FBA1AC4004F8350 /* GoogleService-Info.plist in Resources */,
				CCF00D291FBA1816004F8350 /* Assets.xcassets in Resources */,
				CCF00D271FBA1816004F8350 /* Main.storyboard in Resources */,
			);
			runOnlyForDeploymentPostprocessing = 0;
		};
/* End PBXResourcesBuildPhase section */

/* Begin PBXShellScriptBuildPhase section */
		7F303335D334B62A312944A2 /* [CP] Copy Pods Resources */ = {
			isa = PBXShellScriptBuildPhase;
			buildActionMask = 2147483647;
			files = (
			);
			inputPaths = (
			);
			name = "[CP] Copy Pods Resources";
			outputPaths = (
			);
			runOnlyForDeploymentPostprocessing = 0;
			shellPath = /bin/sh;
			shellScript = "\"${SRCROOT}/Pods/Target Support Files/Pods-bracket/Pods-bracket-resources.sh\"\n";
			showEnvVarsInLog = 0;
		};
		D3B0AFBE0051A77CF630D8E8 /* [CP] Check Pods Manifest.lock */ = {
			isa = PBXShellScriptBuildPhase;
			buildActionMask = 2147483647;
			files = (
			);
			inputPaths = (
				"${PODS_PODFILE_DIR_PATH}/Podfile.lock",
				"${PODS_ROOT}/Manifest.lock",
			);
			name = "[CP] Check Pods Manifest.lock";
			outputPaths = (
				"$(DERIVED_FILE_DIR)/Pods-bracket-checkManifestLockResult.txt",
			);
			runOnlyForDeploymentPostprocessing = 0;
			shellPath = /bin/sh;
			shellScript = "diff \"${PODS_PODFILE_DIR_PATH}/Podfile.lock\" \"${PODS_ROOT}/Manifest.lock\" > /dev/null\nif [ $? != 0 ] ; then\n    # print error to STDERR\n    echo \"error: The sandbox is not in sync with the Podfile.lock. Run 'pod install' or update your CocoaPods installation.\" >&2\n    exit 1\nfi\n# This output is used by Xcode 'outputs' to avoid re-running this script phase.\necho \"SUCCESS\" > \"${SCRIPT_OUTPUT_FILE_0}\"\n";
			showEnvVarsInLog = 0;
		};
		EC4FE37A4B6092D4410F5E10 /* [CP] Embed Pods Frameworks */ = {
			isa = PBXShellScriptBuildPhase;
			buildActionMask = 2147483647;
			files = (
			);
			inputPaths = (
				"${SRCROOT}/Pods/Target Support Files/Pods-bracket/Pods-bracket-frameworks.sh",
				"${BUILT_PRODUCTS_DIR}/GTMSessionFetcher/GTMSessionFetcher.framework",
				"${BUILT_PRODUCTS_DIR}/GoogleToolboxForMac/GoogleToolboxForMac.framework",
				"${BUILT_PRODUCTS_DIR}/leveldb-library/leveldb.framework",
				"${BUILT_PRODUCTS_DIR}/nanopb/nanopb.framework",
			);
			name = "[CP] Embed Pods Frameworks";
			outputPaths = (
				"${TARGET_BUILD_DIR}/${FRAMEWORKS_FOLDER_PATH}/GTMSessionFetcher.framework",
				"${TARGET_BUILD_DIR}/${FRAMEWORKS_FOLDER_PATH}/GoogleToolboxForMac.framework",
				"${TARGET_BUILD_DIR}/${FRAMEWORKS_FOLDER_PATH}/leveldb.framework",
				"${TARGET_BUILD_DIR}/${FRAMEWORKS_FOLDER_PATH}/nanopb.framework",
			);
			runOnlyForDeploymentPostprocessing = 0;
			shellPath = /bin/sh;
			shellScript = "\"${SRCROOT}/Pods/Target Support Files/Pods-bracket/Pods-bracket-frameworks.sh\"\n";
			showEnvVarsInLog = 0;
		};
/* End PBXShellScriptBuildPhase section */

/* Begin PBXSourcesBuildPhase section */
		CCF00D181FBA1816004F8350 /* Sources */ = {
			isa = PBXSourcesBuildPhase;
			buildActionMask = 2147483647;
			files = (
				CCF00D4C1FBB87F1004F8350 /* UIViewExt.swift in Sources */,
				CCF00D4E1FBE0CB3004F8350 /* FeedCell.swift in Sources */,
				CCF00D481FBB7E42004F8350 /* MeVC.swift in Sources */,
				CCF00D3D1FBA47E9004F8350 /* AuthVC.swift in Sources */,
				CCF00D241FBA1816004F8350 /* GroupsVC.swift in Sources */,
				CCF00D401FBA4822004F8350 /* LoginVC.swift in Sources */,
				CCF00D461FBB41BA004F8350 /* AuthService.swift in Sources */,
				CCF00D201FBA1816004F8350 /* AppDelegate.swift in Sources */,
				CCF00D441FBA4EF0004F8350 /* ShadowView.swift in Sources */,
				CCF00D4A1FBB83E7004F8350 /* CreatePostVC.swift in Sources */,
				CCF00D221FBA1816004F8350 /* FeedVC.swift in Sources */,
				CCF00D421FBA4873004F8350 /* InsetTextField.swift in Sources */,
				CCF00D3B1FBA1E01004F8350 /* DataService.swift in Sources */,
			);
			runOnlyForDeploymentPostprocessing = 0;
		};
/* End PBXSourcesBuildPhase section */

/* Begin PBXVariantGroup section */
		CCF00D251FBA1816004F8350 /* Main.storyboard */ = {
			isa = PBXVariantGroup;
			children = (
				CCF00D261FBA1816004F8350 /* Base */,
			);
			name = Main.storyboard;
			sourceTree = "<group>";
		};
		CCF00D2A1FBA1816004F8350 /* LaunchScreen.storyboard */ = {
			isa = PBXVariantGroup;
			children = (
				CCF00D2B1FBA1816004F8350 /* Base */,
			);
			name = LaunchScreen.storyboard;
			sourceTree = "<group>";
		};
/* End PBXVariantGroup section */

/* Begin XCBuildConfiguration section */
		CCF00D2E1FBA1816004F8350 /* Debug */ = {
			isa = XCBuildConfiguration;
			buildSettings = {
				ALWAYS_SEARCH_USER_PATHS = NO;
				CLANG_ANALYZER_NONNULL = YES;
				CLANG_ANALYZER_NUMBER_OBJECT_CONVERSION = YES_AGGRESSIVE;
				CLANG_CXX_LANGUAGE_STANDARD = "gnu++14";
				CLANG_CXX_LIBRARY = "libc++";
				CLANG_ENABLE_MODULES = YES;
				CLANG_ENABLE_OBJC_ARC = YES;
				CLANG_WARN_BLOCK_CAPTURE_AUTORELEASING = YES;
				CLANG_WARN_BOOL_CONVERSION = YES;
				CLANG_WARN_COMMA = YES;
				CLANG_WARN_CONSTANT_CONVERSION = YES;
				CLANG_WARN_DIRECT_OBJC_ISA_USAGE = YES_ERROR;
				CLANG_WARN_DOCUMENTATION_COMMENTS = YES;
				CLANG_WARN_EMPTY_BODY = YES;
				CLANG_WARN_ENUM_CONVERSION = YES;
				CLANG_WARN_INFINITE_RECURSION = YES;
				CLANG_WARN_INT_CONVERSION = YES;
				CLANG_WARN_NON_LITERAL_NULL_CONVERSION = YES;
				CLANG_WARN_OBJC_LITERAL_CONVERSION = YES;
				CLANG_WARN_OBJC_ROOT_CLASS = YES_ERROR;
				CLANG_WARN_RANGE_LOOP_ANALYSIS = YES;
				CLANG_WARN_STRICT_PROTOTYPES = YES;
				CLANG_WARN_SUSPICIOUS_MOVE = YES;
				CLANG_WARN_UNGUARDED_AVAILABILITY = YES_AGGRESSIVE;
				CLANG_WARN_UNREACHABLE_CODE = YES;
				CLANG_WARN__DUPLICATE_METHOD_MATCH = YES;
				CODE_SIGN_IDENTITY = "iPhone Developer";
				COPY_PHASE_STRIP = NO;
				DEBUG_INFORMATION_FORMAT = dwarf;
				ENABLE_STRICT_OBJC_MSGSEND = YES;
				ENABLE_TESTABILITY = YES;
				GCC_C_LANGUAGE_STANDARD = gnu11;
				GCC_DYNAMIC_NO_PIC = NO;
				GCC_NO_COMMON_BLOCKS = YES;
				GCC_OPTIMIZATION_LEVEL = 0;
				GCC_PREPROCESSOR_DEFINITIONS = (
					"DEBUG=1",
					"$(inherited)",
				);
				GCC_WARN_64_TO_32_BIT_CONVERSION = YES;
				GCC_WARN_ABOUT_RETURN_TYPE = YES_ERROR;
				GCC_WARN_UNDECLARED_SELECTOR = YES;
				GCC_WARN_UNINITIALIZED_AUTOS = YES_AGGRESSIVE;
				GCC_WARN_UNUSED_FUNCTION = YES;
				GCC_WARN_UNUSED_VARIABLE = YES;
				IPHONEOS_DEPLOYMENT_TARGET = 11.1;
				MTL_ENABLE_DEBUG_INFO = YES;
				ONLY_ACTIVE_ARCH = YES;
				SDKROOT = iphoneos;
				SWIFT_ACTIVE_COMPILATION_CONDITIONS = DEBUG;
				SWIFT_OPTIMIZATION_LEVEL = "-Onone";
			};
			name = Debug;
		};
		CCF00D2F1FBA1816004F8350 /* Release */ = {
			isa = XCBuildConfiguration;
			buildSettings = {
				ALWAYS_SEARCH_USER_PATHS = NO;
				CLANG_ANALYZER_NONNULL = YES;
				CLANG_ANALYZER_NUMBER_OBJECT_CONVERSION = YES_AGGRESSIVE;
				CLANG_CXX_LANGUAGE_STANDARD = "gnu++14";
				CLANG_CXX_LIBRARY = "libc++";
				CLANG_ENABLE_MODULES = YES;
				CLANG_ENABLE_OBJC_ARC = YES;
				CLANG_WARN_BLOCK_CAPTURE_AUTORELEASING = YES;
				CLANG_WARN_BOOL_CONVERSION = YES;
				CLANG_WARN_COMMA = YES;
				CLANG_WARN_CONSTANT_CONVERSION = YES;
				CLANG_WARN_DIRECT_OBJC_ISA_USAGE = YES_ERROR;
				CLANG_WARN_DOCUMENTATION_COMMENTS = YES;
				CLANG_WARN_EMPTY_BODY = YES;
				CLANG_WARN_ENUM_CONVERSION = YES;
				CLANG_WARN_INFINITE_RECURSION = YES;
				CLANG_WARN_INT_CONVERSION = YES;
				CLANG_WARN_NON_LITERAL_NULL_CONVERSION = YES;
				CLANG_WARN_OBJC_LITERAL_CONVERSION = YES;
				CLANG_WARN_OBJC_ROOT_CLASS = YES_ERROR;
				CLANG_WARN_RANGE_LOOP_ANALYSIS = YES;
				CLANG_WARN_STRICT_PROTOTYPES = YES;
				CLANG_WARN_SUSPICIOUS_MOVE = YES;
				CLANG_WARN_UNGUARDED_AVAILABILITY = YES_AGGRESSIVE;
				CLANG_WARN_UNREACHABLE_CODE = YES;
				CLANG_WARN__DUPLICATE_METHOD_MATCH = YES;
				CODE_SIGN_IDENTITY = "iPhone Developer";
				COPY_PHASE_STRIP = NO;
				DEBUG_INFORMATION_FORMAT = "dwarf-with-dsym";
				ENABLE_NS_ASSERTIONS = NO;
				ENABLE_STRICT_OBJC_MSGSEND = YES;
				GCC_C_LANGUAGE_STANDARD = gnu11;
				GCC_NO_COMMON_BLOCKS = YES;
				GCC_WARN_64_TO_32_BIT_CONVERSION = YES;
				GCC_WARN_ABOUT_RETURN_TYPE = YES_ERROR;
				GCC_WARN_UNDECLARED_SELECTOR = YES;
				GCC_WARN_UNINITIALIZED_AUTOS = YES_AGGRESSIVE;
				GCC_WARN_UNUSED_FUNCTION = YES;
				GCC_WARN_UNUSED_VARIABLE = YES;
				IPHONEOS_DEPLOYMENT_TARGET = 11.1;
				MTL_ENABLE_DEBUG_INFO = NO;
				SDKROOT = iphoneos;
				SWIFT_OPTIMIZATION_LEVEL = "-Owholemodule";
				VALIDATE_PRODUCT = YES;
			};
			name = Release;
		};
		CCF00D311FBA1816004F8350 /* Debug */ = {
			isa = XCBuildConfiguration;
			baseConfigurationReference = 03FE4A1936A5AC20AF1F8B81 /* Pods-bracket.debug.xcconfig */;
			buildSettings = {
				ASSETCATALOG_COMPILER_APPICON_NAME = AppIcon;
				CODE_SIGN_STYLE = Automatic;
				INFOPLIST_FILE = bracket/Info.plist;
				LD_RUNPATH_SEARCH_PATHS = "$(inherited) @executable_path/Frameworks";
				PRODUCT_BUNDLE_IDENTIFIER = AJ.bracket;
				PRODUCT_NAME = "$(TARGET_NAME)";
				SWIFT_VERSION = 4.0;
				TARGETED_DEVICE_FAMILY = "1,2";
			};
			name = Debug;
		};
		CCF00D321FBA1816004F8350 /* Release */ = {
			isa = XCBuildConfiguration;
			baseConfigurationReference = D41A294579AB9431F4819815 /* Pods-bracket.release.xcconfig */;
			buildSettings = {
				ASSETCATALOG_COMPILER_APPICON_NAME = AppIcon;
				CODE_SIGN_STYLE = Automatic;
				INFOPLIST_FILE = bracket/Info.plist;
				LD_RUNPATH_SEARCH_PATHS = "$(inherited) @executable_path/Frameworks";
				PRODUCT_BUNDLE_IDENTIFIER = AJ.bracket;
				PRODUCT_NAME = "$(TARGET_NAME)";
				SWIFT_VERSION = 4.0;
				TARGETED_DEVICE_FAMILY = "1,2";
			};
			name = Release;
		};
/* End XCBuildConfiguration section */

/* Begin XCConfigurationList section */
		CCF00D171FBA1816004F8350 /* Build configuration list for PBXProject "bracket" */ = {
			isa = XCConfigurationList;
			buildConfigurations = (
				CCF00D2E1FBA1816004F8350 /* Debug */,
				CCF00D2F1FBA1816004F8350 /* Release */,
			);
			defaultConfigurationIsVisible = 0;
			defaultConfigurationName = Release;
		};
		CCF00D301FBA1816004F8350 /* Build configuration list for PBXNativeTarget "bracket" */ = {
			isa = XCConfigurationList;
			buildConfigurations = (
				CCF00D311FBA1816004F8350 /* Debug */,
				CCF00D321FBA1816004F8350 /* Release */,
			);
			defaultConfigurationIsVisible = 0;
			defaultConfigurationName = Release;
		};
/* End XCConfigurationList section */
	};
	rootObject = CCF00D141FBA1816004F8350 /* Project object */;
}
